
Microsoft Visual Studio Solution File, Format Version 12.00
# Visual Studio Version 16
VisualStudioVersion = 16.0.31105.61
MinimumVisualStudioVersion = 10.0.40219.1
Project("{9A19103F-16F7-4668-BE54-9A1E7A4F7556}") = "WebApi", "WebApi\WebApi.csproj", "{69ABDE90-4A03-4C82-97DC-13934DC581F5}"
EndProject
Project("{FAE04EC0-301F-11D3-BF4B-00C04F79EFBC}") = "VueJSDotnet51", "VueJSDotnet51\VueJSDotnet51.csproj", "{CBAF34E1-6A33-4949-9AC8-CBCA4EA8690D}"
EndProject
Global
	GlobalSection(SolutionConfigurationPlatforms) = preSolution
		Debug|Any CPU = Debug|Any CPU
		Release|Any CPU = Release|Any CPU
	EndGlobalSection
	GlobalSection(ProjectConfigurationPlatforms) = postSolution
		{69ABDE90-4A03-4C82-97DC-13934DC581F5}.Debug|Any CPU.ActiveCfg = Debug|Any CPU
		{69ABDE90-4A03-4C82-97DC-13934DC581F5}.Debug|Any CPU.Build.0 = Debug|Any CPU
		{69ABDE90-4A03-4C82-97DC-13934DC581F5}.Release|Any CPU.ActiveCfg = Release|Any CPU
		{69ABDE90-4A03-4C82-97DC-13934DC581F5}.Release|Any CPU.Build.0 = Release|Any CPU
		{CBAF34E1-6A33-4949-9AC8-CBCA4EA8690D}.Debug|Any CPU.ActiveCfg = Debug|Any CPU
		{CBAF34E1-6A33-4949-9AC8-CBCA4EA8690D}.Debug|Any CPU.Build.0 = Debug|Any CPU
		{CBAF34E1-6A33-4949-9AC8-CBCA4EA8690D}.Release|Any CPU.ActiveCfg = Release|Any CPU
		{CBAF34E1-6A33-4949-9AC8-CBCA4EA8690D}.Release|Any CPU.Build.0 = Release|Any CPU
	EndGlobalSection
	GlobalSection(SolutionProperties) = preSolution
		HideSolutionNode = FALSE
	EndGlobalSection
	GlobalSection(ExtensibilityGlobals) = postSolution
		SolutionGuid = {54CECF2F-44A1-4D75-925B-0DED7EB29D74}
	EndGlobalSection
EndGlobal
